// !$*UTF8*$!
{
	archiveVersion = 1;
	classes = {
	};
	objectVersion = 52;
	objects = {

/* Begin PBXBuildFile section */
		93426350254DC5840023B6FF /* Extensions.swift in Sources */ = {isa = PBXBuildFile; fileRef = 9370A52B2545609A00F2C029 /* Extensions.swift */; };
		9342635F254DC5B00023B6FF /* UserDefaults.swift in Sources */ = {isa = PBXBuildFile; fileRef = 9342635E254DC5B00023B6FF /* UserDefaults.swift */; };
		93426360254DC5B00023B6FF /* UserDefaults.swift in Sources */ = {isa = PBXBuildFile; fileRef = 9342635E254DC5B00023B6FF /* UserDefaults.swift */; };
		9358ED05254945BA00C04DC8 /* NetworkMonitor.swift in Sources */ = {isa = PBXBuildFile; fileRef = 9358ED04254945BA00C04DC8 /* NetworkMonitor.swift */; };
		9358ED1D254A88A800C04DC8 /* Reachability in Frameworks */ = {isa = PBXBuildFile; productRef = 9358ED1C254A88A800C04DC8 /* Reachability */; };
		9362130B252D787A009A7CDE /* QuoteDetailView.swift in Sources */ = {isa = PBXBuildFile; fileRef = 9362130A252D787A009A7CDE /* QuoteDetailView.swift */; };
		9362130D252ECBC1009A7CDE /* QuoteView.swift in Sources */ = {isa = PBXBuildFile; fileRef = 9362130C252ECBC1009A7CDE /* QuoteView.swift */; };
		936886632545C8320034F960 /* QuoteListView.swift in Sources */ = {isa = PBXBuildFile; fileRef = 936886622545C8320034F960 /* QuoteListView.swift */; };
		936886862545D18E0034F960 /* QuoteGeneratorView.swift in Sources */ = {isa = PBXBuildFile; fileRef = 936886852545D18E0034F960 /* QuoteGeneratorView.swift */; };
		936886CB25469D460034F960 /* ButtonStyle.swift in Sources */ = {isa = PBXBuildFile; fileRef = 936886CA25469D460034F960 /* ButtonStyle.swift */; };
		936E72BF2553B9CC0085F003 /* QuoteGarden.xcdatamodeld in Resources */ = {isa = PBXBuildFile; fileRef = 93DEB54225284527006B9BF5 /* QuoteGarden.xcdatamodeld */; };
		9370A51E25454CD100F2C029 /* ViewToUIImage.swift in Sources */ = {isa = PBXBuildFile; fileRef = 9370A51D25454CD100F2C029 /* ViewToUIImage.swift */; };
		9370D5A725356310001CD387 /* ShareSheetView.swift in Sources */ = {isa = PBXBuildFile; fileRef = 9370D5A625356310001CD387 /* ShareSheetView.swift */; };
		937C5841253CB73A0002D7E4 /* AppGroup.swift in Sources */ = {isa = PBXBuildFile; fileRef = 937C5840253CB73A0002D7E4 /* AppGroup.swift */; };
		937CCC902550390E003F56B1 /* SnapshotHelper.swift in Sources */ = {isa = PBXBuildFile; fileRef = 937CCC8F2550390D003F56B1 /* SnapshotHelper.swift */; };
		9392E48B253EA001004BF68E /* WidgetKit.framework in Frameworks */ = {isa = PBXBuildFile; fileRef = 9370D5BF25361B5D001CD387 /* WidgetKit.framework */; };
		9392E48C253EA001004BF68E /* SwiftUI.framework in Frameworks */ = {isa = PBXBuildFile; fileRef = 939D200525317E14003C34D8 /* SwiftUI.framework */; };
		9392E48F253EA001004BF68E /* QuoteWidget.swift in Sources */ = {isa = PBXBuildFile; fileRef = 9392E48E253EA001004BF68E /* QuoteWidget.swift */; };
		9392E491253EA003004BF68E /* Assets.xcassets in Resources */ = {isa = PBXBuildFile; fileRef = 9392E490253EA003004BF68E /* Assets.xcassets */; };
		9392E495253EA003004BF68E /* QuoteWidgetExtension.appex in Embed App Extensions */ = {isa = PBXBuildFile; fileRef = 9392E48A253EA001004BF68E /* QuoteWidgetExtension.appex */; settings = {ATTRIBUTES = (RemoveHeadersOnCopy, ); }; };
		9392E49D253EA01F004BF68E /* Quote.swift in Sources */ = {isa = PBXBuildFile; fileRef = 93DEB57225284631006B9BF5 /* Quote.swift */; };
		9392E4A0253EA01F004BF68E /* QuoteView.swift in Sources */ = {isa = PBXBuildFile; fileRef = 9362130C252ECBC1009A7CDE /* QuoteView.swift */; };
		9392E4AF25408808004BF68E /* SearchBar.swift in Sources */ = {isa = PBXBuildFile; fileRef = 9392E4AE25408806004BF68E /* SearchBar.swift */; };
		939DBEF4253ACFFC00A54AD2 /* QuoteRowView.swift in Sources */ = {isa = PBXBuildFile; fileRef = 939DBEF3253ACFFC00A54AD2 /* QuoteRowView.swift */; };
		93DEB53F25284527006B9BF5 /* AppDelegate.swift in Sources */ = {isa = PBXBuildFile; fileRef = 93DEB53E25284527006B9BF5 /* AppDelegate.swift */; };
		93DEB54125284527006B9BF5 /* SceneDelegate.swift in Sources */ = {isa = PBXBuildFile; fileRef = 93DEB54025284527006B9BF5 /* SceneDelegate.swift */; };
		93DEB54425284527006B9BF5 /* QuoteGarden.xcdatamodeld in Sources */ = {isa = PBXBuildFile; fileRef = 93DEB54225284527006B9BF5 /* QuoteGarden.xcdatamodeld */; };
		93DEB54625284527006B9BF5 /* ContentView.swift in Sources */ = {isa = PBXBuildFile; fileRef = 93DEB54525284527006B9BF5 /* ContentView.swift */; };
		93DEB54825284529006B9BF5 /* Assets.xcassets in Resources */ = {isa = PBXBuildFile; fileRef = 93DEB54725284529006B9BF5 /* Assets.xcassets */; };
		93DEB54B25284529006B9BF5 /* Preview Assets.xcassets in Resources */ = {isa = PBXBuildFile; fileRef = 93DEB54A25284529006B9BF5 /* Preview Assets.xcassets */; };
		93DEB54E25284529006B9BF5 /* LaunchScreen.storyboard in Resources */ = {isa = PBXBuildFile; fileRef = 93DEB54C25284529006B9BF5 /* LaunchScreen.storyboard */; };
		93DEB55925284529006B9BF5 /* QuoteGardenTests.swift in Sources */ = {isa = PBXBuildFile; fileRef = 93DEB55825284529006B9BF5 /* QuoteGardenTests.swift */; };
		93DEB56425284529006B9BF5 /* QuoteGardenUITests.swift in Sources */ = {isa = PBXBuildFile; fileRef = 93DEB56325284529006B9BF5 /* QuoteGardenUITests.swift */; };
		93DEB57325284631006B9BF5 /* Quote.swift in Sources */ = {isa = PBXBuildFile; fileRef = 93DEB57225284631006B9BF5 /* Quote.swift */; };
/* End PBXBuildFile section */

/* Begin PBXContainerItemProxy section */
		9392E493253EA003004BF68E /* PBXContainerItemProxy */ = {
			isa = PBXContainerItemProxy;
			containerPortal = 93DEB53325284527006B9BF5 /* Project object */;
			proxyType = 1;
			remoteGlobalIDString = 9392E489253EA001004BF68E;
			remoteInfo = QuoteWidgetExtension;
		};
		93DEB55525284529006B9BF5 /* PBXContainerItemProxy */ = {
			isa = PBXContainerItemProxy;
			containerPortal = 93DEB53325284527006B9BF5 /* Project object */;
			proxyType = 1;
			remoteGlobalIDString = 93DEB53A25284527006B9BF5;
			remoteInfo = QuoteGarden;
		};
		93DEB56025284529006B9BF5 /* PBXContainerItemProxy */ = {
			isa = PBXContainerItemProxy;
			containerPortal = 93DEB53325284527006B9BF5 /* Project object */;
			proxyType = 1;
			remoteGlobalIDString = 93DEB53A25284527006B9BF5;
			remoteInfo = QuoteGarden;
		};
/* End PBXContainerItemProxy section */

/* Begin PBXCopyFilesBuildPhase section */
		939D201625317E17003C34D8 /* Embed App Extensions */ = {
			isa = PBXCopyFilesBuildPhase;
			buildActionMask = 2147483647;
			dstPath = "";
			dstSubfolderSpec = 13;
			files = (
				9392E495253EA003004BF68E /* QuoteWidgetExtension.appex in Embed App Extensions */,
			);
			name = "Embed App Extensions";
			runOnlyForDeploymentPostprocessing = 0;
		};
/* End PBXCopyFilesBuildPhase section */

/* Begin PBXFileReference section */
		9342635E254DC5B00023B6FF /* UserDefaults.swift */ = {isa = PBXFileReference; lastKnownFileType = sourcecode.swift; path = UserDefaults.swift; sourceTree = "<group>"; };
		9358ED04254945BA00C04DC8 /* NetworkMonitor.swift */ = {isa = PBXFileReference; lastKnownFileType = sourcecode.swift; path = NetworkMonitor.swift; sourceTree = "<group>"; };
		9362130A252D787A009A7CDE /* QuoteDetailView.swift */ = {isa = PBXFileReference; lastKnownFileType = sourcecode.swift; path = QuoteDetailView.swift; sourceTree = "<group>"; };
		9362130C252ECBC1009A7CDE /* QuoteView.swift */ = {isa = PBXFileReference; lastKnownFileType = sourcecode.swift; path = QuoteView.swift; sourceTree = "<group>"; };
		936886622545C8320034F960 /* QuoteListView.swift */ = {isa = PBXFileReference; lastKnownFileType = sourcecode.swift; path = QuoteListView.swift; sourceTree = "<group>"; };
		936886852545D18E0034F960 /* QuoteGeneratorView.swift */ = {isa = PBXFileReference; lastKnownFileType = sourcecode.swift; path = QuoteGeneratorView.swift; sourceTree = "<group>"; };
		936886CA25469D460034F960 /* ButtonStyle.swift */ = {isa = PBXFileReference; lastKnownFileType = sourcecode.swift; path = ButtonStyle.swift; sourceTree = "<group>"; };
		9370A51D25454CD100F2C029 /* ViewToUIImage.swift */ = {isa = PBXFileReference; lastKnownFileType = sourcecode.swift; path = ViewToUIImage.swift; sourceTree = "<group>"; };
		9370A52B2545609A00F2C029 /* Extensions.swift */ = {isa = PBXFileReference; lastKnownFileType = sourcecode.swift; path = Extensions.swift; sourceTree = "<group>"; };
		9370D5A625356310001CD387 /* ShareSheetView.swift */ = {isa = PBXFileReference; lastKnownFileType = sourcecode.swift; path = ShareSheetView.swift; sourceTree = "<group>"; };
		9370D5BF25361B5D001CD387 /* WidgetKit.framework */ = {isa = PBXFileReference; lastKnownFileType = wrapper.framework; name = WidgetKit.framework; path = System/Library/Frameworks/WidgetKit.framework; sourceTree = SDKROOT; };
		9374AF042532BAC100412C9E /* UnitTests.xctestplan */ = {isa = PBXFileReference; lastKnownFileType = text; path = UnitTests.xctestplan; sourceTree = "<group>"; };
		9374AF082532BB4E00412C9E /* FullTests.xctestplan */ = {isa = PBXFileReference; lastKnownFileType = text; path = FullTests.xctestplan; sourceTree = "<group>"; };
		937C5840253CB73A0002D7E4 /* AppGroup.swift */ = {isa = PBXFileReference; lastKnownFileType = sourcecode.swift; path = AppGroup.swift; sourceTree = "<group>"; };
		937CCC8F2550390D003F56B1 /* SnapshotHelper.swift */ = {isa = PBXFileReference; fileEncoding = 4; lastKnownFileType = sourcecode.swift; path = SnapshotHelper.swift; sourceTree = "<group>"; };
		9392E48A253EA001004BF68E /* QuoteWidgetExtension.appex */ = {isa = PBXFileReference; explicitFileType = "wrapper.app-extension"; includeInIndex = 0; path = QuoteWidgetExtension.appex; sourceTree = BUILT_PRODUCTS_DIR; };
		9392E48E253EA001004BF68E /* QuoteWidget.swift */ = {isa = PBXFileReference; lastKnownFileType = sourcecode.swift; path = QuoteWidget.swift; sourceTree = "<group>"; };
		9392E490253EA003004BF68E /* Assets.xcassets */ = {isa = PBXFileReference; lastKnownFileType = folder.assetcatalog; path = Assets.xcassets; sourceTree = "<group>"; };
		9392E492253EA003004BF68E /* Info.plist */ = {isa = PBXFileReference; lastKnownFileType = text.plist.xml; path = Info.plist; sourceTree = "<group>"; };
		9392E4A5253EA043004BF68E /* QuoteWidgetExtension.entitlements */ = {isa = PBXFileReference; lastKnownFileType = text.plist.entitlements; path = QuoteWidgetExtension.entitlements; sourceTree = "<group>"; };
		9392E4AE25408806004BF68E /* SearchBar.swift */ = {isa = PBXFileReference; lastKnownFileType = sourcecode.swift; path = SearchBar.swift; sourceTree = "<group>"; };
		939D200525317E14003C34D8 /* SwiftUI.framework */ = {isa = PBXFileReference; lastKnownFileType = wrapper.framework; name = SwiftUI.framework; path = System/Library/Frameworks/SwiftUI.framework; sourceTree = SDKROOT; };
		939DBEF3253ACFFC00A54AD2 /* QuoteRowView.swift */ = {isa = PBXFileReference; lastKnownFileType = sourcecode.swift; path = QuoteRowView.swift; sourceTree = "<group>"; };
		93DEB53B25284527006B9BF5 /* QuoteGarden.app */ = {isa = PBXFileReference; explicitFileType = wrapper.application; includeInIndex = 0; path = QuoteGarden.app; sourceTree = BUILT_PRODUCTS_DIR; };
		93DEB53E25284527006B9BF5 /* AppDelegate.swift */ = {isa = PBXFileReference; lastKnownFileType = sourcecode.swift; path = AppDelegate.swift; sourceTree = "<group>"; };
		93DEB54025284527006B9BF5 /* SceneDelegate.swift */ = {isa = PBXFileReference; lastKnownFileType = sourcecode.swift; path = SceneDelegate.swift; sourceTree = "<group>"; };
		93DEB54325284527006B9BF5 /* QuoteGarden.xcdatamodel */ = {isa = PBXFileReference; lastKnownFileType = wrapper.xcdatamodel; path = QuoteGarden.xcdatamodel; sourceTree = "<group>"; };
		93DEB54525284527006B9BF5 /* ContentView.swift */ = {isa = PBXFileReference; lastKnownFileType = sourcecode.swift; path = ContentView.swift; sourceTree = "<group>"; };
		93DEB54725284529006B9BF5 /* Assets.xcassets */ = {isa = PBXFileReference; lastKnownFileType = folder.assetcatalog; path = Assets.xcassets; sourceTree = "<group>"; };
		93DEB54A25284529006B9BF5 /* Preview Assets.xcassets */ = {isa = PBXFileReference; lastKnownFileType = folder.assetcatalog; path = "Preview Assets.xcassets"; sourceTree = "<group>"; };
		93DEB54D25284529006B9BF5 /* Base */ = {isa = PBXFileReference; lastKnownFileType = file.storyboard; name = Base; path = Base.lproj/LaunchScreen.storyboard; sourceTree = "<group>"; };
		93DEB54F25284529006B9BF5 /* Info.plist */ = {isa = PBXFileReference; lastKnownFileType = text.plist.xml; path = Info.plist; sourceTree = "<group>"; };
		93DEB55425284529006B9BF5 /* QuoteGardenTests.xctest */ = {isa = PBXFileReference; explicitFileType = wrapper.cfbundle; includeInIndex = 0; path = QuoteGardenTests.xctest; sourceTree = BUILT_PRODUCTS_DIR; };
		93DEB55825284529006B9BF5 /* QuoteGardenTests.swift */ = {isa = PBXFileReference; lastKnownFileType = sourcecode.swift; path = QuoteGardenTests.swift; sourceTree = "<group>"; };
		93DEB55A25284529006B9BF5 /* Info.plist */ = {isa = PBXFileReference; lastKnownFileType = text.plist.xml; path = Info.plist; sourceTree = "<group>"; };
		93DEB55F25284529006B9BF5 /* QuoteGardenUITests.xctest */ = {isa = PBXFileReference; explicitFileType = wrapper.cfbundle; includeInIndex = 0; path = QuoteGardenUITests.xctest; sourceTree = BUILT_PRODUCTS_DIR; };
		93DEB56325284529006B9BF5 /* QuoteGardenUITests.swift */ = {isa = PBXFileReference; lastKnownFileType = sourcecode.swift; path = QuoteGardenUITests.swift; sourceTree = "<group>"; };
		93DEB56525284529006B9BF5 /* Info.plist */ = {isa = PBXFileReference; lastKnownFileType = text.plist.xml; path = Info.plist; sourceTree = "<group>"; };
		93DEB57225284631006B9BF5 /* Quote.swift */ = {isa = PBXFileReference; lastKnownFileType = sourcecode.swift; path = Quote.swift; sourceTree = "<group>"; };
/* End PBXFileReference section */

/* Begin PBXFrameworksBuildPhase section */
		9392E487253EA001004BF68E /* Frameworks */ = {
			isa = PBXFrameworksBuildPhase;
			buildActionMask = 2147483647;
			files = (
				9392E48C253EA001004BF68E /* SwiftUI.framework in Frameworks */,
				9392E48B253EA001004BF68E /* WidgetKit.framework in Frameworks */,
			);
			runOnlyForDeploymentPostprocessing = 0;
		};
		93DEB53825284527006B9BF5 /* Frameworks */ = {
			isa = PBXFrameworksBuildPhase;
			buildActionMask = 2147483647;
			files = (
				9358ED1D254A88A800C04DC8 /* Reachability in Frameworks */,
			);
			runOnlyForDeploymentPostprocessing = 0;
		};
		93DEB55125284529006B9BF5 /* Frameworks */ = {
			isa = PBXFrameworksBuildPhase;
			buildActionMask = 2147483647;
			files = (
			);
			runOnlyForDeploymentPostprocessing = 0;
		};
		93DEB55C25284529006B9BF5 /* Frameworks */ = {
			isa = PBXFrameworksBuildPhase;
			buildActionMask = 2147483647;
			files = (
			);
			runOnlyForDeploymentPostprocessing = 0;
		};
/* End PBXFrameworksBuildPhase section */

/* Begin PBXGroup section */
		935562072538135A00BF2F0A /* Quotes */ = {
			isa = PBXGroup;
			children = (
				9362130C252ECBC1009A7CDE /* QuoteView.swift */,
				936886852545D18E0034F960 /* QuoteGeneratorView.swift */,
			);
			path = Quotes;
			sourceTree = "<group>";
		};
		936886702545CCAD0034F960 /* Favorites */ = {
			isa = PBXGroup;
			children = (
				936886622545C8320034F960 /* QuoteListView.swift */,
				939DBEF3253ACFFC00A54AD2 /* QuoteRowView.swift */,
				9362130A252D787A009A7CDE /* QuoteDetailView.swift */,
				9392E4AE25408806004BF68E /* SearchBar.swift */,
				9370D5A625356310001CD387 /* ShareSheetView.swift */,
			);
			path = Favorites;
			sourceTree = "<group>";
		};
		9392E48D253EA001004BF68E /* QuoteWidget */ = {
			isa = PBXGroup;
			children = (
				9392E48E253EA001004BF68E /* QuoteWidget.swift */,
				9392E490253EA003004BF68E /* Assets.xcassets */,
				9392E492253EA003004BF68E /* Info.plist */,
			);
			path = QuoteWidget;
			sourceTree = "<group>";
		};
		939D200225317E14003C34D8 /* Frameworks */ = {
			isa = PBXGroup;
			children = (
				939D200525317E14003C34D8 /* SwiftUI.framework */,
				9370D5BF25361B5D001CD387 /* WidgetKit.framework */,
			);
			name = Frameworks;
			sourceTree = "<group>";
		};
		93DEB53225284527006B9BF5 = {
			isa = PBXGroup;
			children = (
				9392E4A5253EA043004BF68E /* QuoteWidgetExtension.entitlements */,
				93DEB53D25284527006B9BF5 /* QuoteGarden */,
				9392E48D253EA001004BF68E /* QuoteWidget */,
				93DEB55725284529006B9BF5 /* QuoteGardenTests */,
				93DEB56225284529006B9BF5 /* QuoteGardenUITests */,
				939D200225317E14003C34D8 /* Frameworks */,
				93DEB53C25284527006B9BF5 /* Products */,
			);
			sourceTree = "<group>";
		};
		93DEB53C25284527006B9BF5 /* Products */ = {
			isa = PBXGroup;
			children = (
				93DEB53B25284527006B9BF5 /* QuoteGarden.app */,
				93DEB55425284529006B9BF5 /* QuoteGardenTests.xctest */,
				93DEB55F25284529006B9BF5 /* QuoteGardenUITests.xctest */,
				9392E48A253EA001004BF68E /* QuoteWidgetExtension.appex */,
			);
			name = Products;
			sourceTree = "<group>";
		};
		93DEB53D25284527006B9BF5 /* QuoteGarden */ = {
			isa = PBXGroup;
			children = (
				9370A52B2545609A00F2C029 /* Extensions.swift */,
				9342635E254DC5B00023B6FF /* UserDefaults.swift */,
				9370A51D25454CD100F2C029 /* ViewToUIImage.swift */,
				936886CA25469D460034F960 /* ButtonStyle.swift */,
				93DEB571252845D2006B9BF5 /* Model */,
				935562072538135A00BF2F0A /* Quotes */,
				936886702545CCAD0034F960 /* Favorites */,
				93DEB53E25284527006B9BF5 /* AppDelegate.swift */,
				93DEB54025284527006B9BF5 /* SceneDelegate.swift */,
				93DEB54525284527006B9BF5 /* ContentView.swift */,
				93DEB54725284529006B9BF5 /* Assets.xcassets */,
				93DEB54C25284529006B9BF5 /* LaunchScreen.storyboard */,
				93DEB54F25284529006B9BF5 /* Info.plist */,
				93DEB54225284527006B9BF5 /* QuoteGarden.xcdatamodeld */,
				93DEB54925284529006B9BF5 /* Preview Content */,
			);
			path = QuoteGarden;
			sourceTree = "<group>";
		};
		93DEB54925284529006B9BF5 /* Preview Content */ = {
			isa = PBXGroup;
			children = (
				93DEB54A25284529006B9BF5 /* Preview Assets.xcassets */,
			);
			path = "Preview Content";
			sourceTree = "<group>";
		};
		93DEB55725284529006B9BF5 /* QuoteGardenTests */ = {
			isa = PBXGroup;
			children = (
				9374AF042532BAC100412C9E /* UnitTests.xctestplan */,
				93DEB55825284529006B9BF5 /* QuoteGardenTests.swift */,
				93DEB55A25284529006B9BF5 /* Info.plist */,
			);
			path = QuoteGardenTests;
			sourceTree = "<group>";
		};
		93DEB56225284529006B9BF5 /* QuoteGardenUITests */ = {
			isa = PBXGroup;
			children = (
				9374AF082532BB4E00412C9E /* FullTests.xctestplan */,
				937CCC8F2550390D003F56B1 /* SnapshotHelper.swift */,
				93DEB56325284529006B9BF5 /* QuoteGardenUITests.swift */,
				93DEB56525284529006B9BF5 /* Info.plist */,
			);
			path = QuoteGardenUITests;
			sourceTree = "<group>";
		};
		93DEB571252845D2006B9BF5 /* Model */ = {
			isa = PBXGroup;
			children = (
				93DEB57225284631006B9BF5 /* Quote.swift */,
				9358ED04254945BA00C04DC8 /* NetworkMonitor.swift */,
				937C5840253CB73A0002D7E4 /* AppGroup.swift */,
			);
			path = Model;
			sourceTree = "<group>";
		};
/* End PBXGroup section */

/* Begin PBXNativeTarget section */
		9392E489253EA001004BF68E /* QuoteWidgetExtension */ = {
			isa = PBXNativeTarget;
			buildConfigurationList = 9392E496253EA003004BF68E /* Build configuration list for PBXNativeTarget "QuoteWidgetExtension" */;
			buildPhases = (
				9392E486253EA001004BF68E /* Sources */,
				9392E487253EA001004BF68E /* Frameworks */,
				9392E488253EA001004BF68E /* Resources */,
			);
			buildRules = (
			);
			dependencies = (
			);
			name = QuoteWidgetExtension;
			productName = QuoteWidgetExtension;
			productReference = 9392E48A253EA001004BF68E /* QuoteWidgetExtension.appex */;
			productType = "com.apple.product-type.app-extension";
		};
		93DEB53A25284527006B9BF5 /* QuoteGarden */ = {
			isa = PBXNativeTarget;
			buildConfigurationList = 93DEB56825284529006B9BF5 /* Build configuration list for PBXNativeTarget "QuoteGarden" */;
			buildPhases = (
				93DEB53725284527006B9BF5 /* Sources */,
				93DEB53825284527006B9BF5 /* Frameworks */,
				93DEB53925284527006B9BF5 /* Resources */,
				939D201625317E17003C34D8 /* Embed App Extensions */,
				9358ED0E2549EF5500C04DC8 /* ShellScript */,
			);
			buildRules = (
			);
			dependencies = (
				9392E494253EA003004BF68E /* PBXTargetDependency */,
			);
			name = QuoteGarden;
			packageProductDependencies = (
				9358ED1C254A88A800C04DC8 /* Reachability */,
			);
			productName = QuoteGarden;
			productReference = 93DEB53B25284527006B9BF5 /* QuoteGarden.app */;
			productType = "com.apple.product-type.application";
		};
		93DEB55325284529006B9BF5 /* QuoteGardenTests */ = {
			isa = PBXNativeTarget;
			buildConfigurationList = 93DEB56B25284529006B9BF5 /* Build configuration list for PBXNativeTarget "QuoteGardenTests" */;
			buildPhases = (
				93DEB55025284529006B9BF5 /* Sources */,
				93DEB55125284529006B9BF5 /* Frameworks */,
				93DEB55225284529006B9BF5 /* Resources */,
			);
			buildRules = (
			);
			dependencies = (
				93DEB55625284529006B9BF5 /* PBXTargetDependency */,
			);
			name = QuoteGardenTests;
			productName = QuoteGardenTests;
			productReference = 93DEB55425284529006B9BF5 /* QuoteGardenTests.xctest */;
			productType = "com.apple.product-type.bundle.unit-test";
		};
		93DEB55E25284529006B9BF5 /* QuoteGardenUITests */ = {
			isa = PBXNativeTarget;
			buildConfigurationList = 93DEB56E25284529006B9BF5 /* Build configuration list for PBXNativeTarget "QuoteGardenUITests" */;
			buildPhases = (
				93DEB55B25284529006B9BF5 /* Sources */,
				93DEB55C25284529006B9BF5 /* Frameworks */,
				93DEB55D25284529006B9BF5 /* Resources */,
			);
			buildRules = (
			);
			dependencies = (
				93DEB56125284529006B9BF5 /* PBXTargetDependency */,
			);
			name = QuoteGardenUITests;
			productName = QuoteGardenUITests;
			productReference = 93DEB55F25284529006B9BF5 /* QuoteGardenUITests.xctest */;
			productType = "com.apple.product-type.bundle.ui-testing";
		};
/* End PBXNativeTarget section */

/* Begin PBXProject section */
		93DEB53325284527006B9BF5 /* Project object */ = {
			isa = PBXProject;
			attributes = {
				LastSwiftUpdateCheck = 1220;
				LastUpgradeCheck = 1200;
				TargetAttributes = {
					9392E489253EA001004BF68E = {
						CreatedOnToolsVersion = 12.2;
					};
					93DEB53A25284527006B9BF5 = {
						CreatedOnToolsVersion = 12.0;
					};
					93DEB55325284529006B9BF5 = {
						CreatedOnToolsVersion = 12.0;
						TestTargetID = 93DEB53A25284527006B9BF5;
					};
					93DEB55E25284529006B9BF5 = {
						CreatedOnToolsVersion = 12.0;
						TestTargetID = 93DEB53A25284527006B9BF5;
					};
				};
			};
			buildConfigurationList = 93DEB53625284527006B9BF5 /* Build configuration list for PBXProject "QuoteGarden" */;
			compatibilityVersion = "Xcode 9.3";
			developmentRegion = en;
			hasScannedForEncodings = 0;
			knownRegions = (
				en,
				Base,
			);
			mainGroup = 93DEB53225284527006B9BF5;
			packageReferences = (
				9358ED1B254A88A800C04DC8 /* XCRemoteSwiftPackageReference "Reachability" */,
			);
			productRefGroup = 93DEB53C25284527006B9BF5 /* Products */;
			projectDirPath = "";
			projectRoot = "";
			targets = (
				93DEB53A25284527006B9BF5 /* QuoteGarden */,
				93DEB55325284529006B9BF5 /* QuoteGardenTests */,
				93DEB55E25284529006B9BF5 /* QuoteGardenUITests */,
				9392E489253EA001004BF68E /* QuoteWidgetExtension */,
			);
		};
/* End PBXProject section */

/* Begin PBXResourcesBuildPhase section */
		9392E488253EA001004BF68E /* Resources */ = {
			isa = PBXResourcesBuildPhase;
			buildActionMask = 2147483647;
			files = (
				936E72BF2553B9CC0085F003 /* QuoteGarden.xcdatamodeld in Resources */,
				9392E491253EA003004BF68E /* Assets.xcassets in Resources */,
			);
			runOnlyForDeploymentPostprocessing = 0;
		};
		93DEB53925284527006B9BF5 /* Resources */ = {
			isa = PBXResourcesBuildPhase;
			buildActionMask = 2147483647;
			files = (
				93DEB54E25284529006B9BF5 /* LaunchScreen.storyboard in Resources */,
				93DEB54B25284529006B9BF5 /* Preview Assets.xcassets in Resources */,
				93DEB54825284529006B9BF5 /* Assets.xcassets in Resources */,
			);
			runOnlyForDeploymentPostprocessing = 0;
		};
		93DEB55225284529006B9BF5 /* Resources */ = {
			isa = PBXResourcesBuildPhase;
			buildActionMask = 2147483647;
			files = (
			);
			runOnlyForDeploymentPostprocessing = 0;
		};
		93DEB55D25284529006B9BF5 /* Resources */ = {
			isa = PBXResourcesBuildPhase;
			buildActionMask = 2147483647;
			files = (
			);
			runOnlyForDeploymentPostprocessing = 0;
		};
/* End PBXResourcesBuildPhase section */

/* Begin PBXShellScriptBuildPhase section */
		9358ED0E2549EF5500C04DC8 /* ShellScript */ = {
			isa = PBXShellScriptBuildPhase;
			buildActionMask = 2147483647;
			files = (
			);
			inputFileListPaths = (
			);
			inputPaths = (
			);
			outputFileListPaths = (
			);
			outputPaths = (
			);
			runOnlyForDeploymentPostprocessing = 0;
			shellPath = /bin/sh;
			shellScript = "if which swiftlint >/dev/null; then\n  swiftlint\nelse\n  echo \"warning: SwiftLint not installed, download from https://github.com/realm/SwiftLint\"\nfi\n\n";
		};
/* End PBXShellScriptBuildPhase section */

/* Begin PBXSourcesBuildPhase section */
		9392E486253EA001004BF68E /* Sources */ = {
			isa = PBXSourcesBuildPhase;
			buildActionMask = 2147483647;
			files = (
				93426360254DC5B00023B6FF /* UserDefaults.swift in Sources */,
				9392E4A0253EA01F004BF68E /* QuoteView.swift in Sources */,
				9392E49D253EA01F004BF68E /* Quote.swift in Sources */,
				9392E48F253EA001004BF68E /* QuoteWidget.swift in Sources */,
			);
			runOnlyForDeploymentPostprocessing = 0;
		};
		93DEB53725284527006B9BF5 /* Sources */ = {
			isa = PBXSourcesBuildPhase;
			buildActionMask = 2147483647;
			files = (
				93DEB53F25284527006B9BF5 /* AppDelegate.swift in Sources */,
				9370D5A725356310001CD387 /* ShareSheetView.swift in Sources */,
				93DEB54425284527006B9BF5 /* QuoteGarden.xcdatamodeld in Sources */,
				937C5841253CB73A0002D7E4 /* AppGroup.swift in Sources */,
				93DEB54625284527006B9BF5 /* ContentView.swift in Sources */,
				93DEB57325284631006B9BF5 /* Quote.swift in Sources */,
				936886CB25469D460034F960 /* ButtonStyle.swift in Sources */,
				9392E4AF25408808004BF68E /* SearchBar.swift in Sources */,
				939DBEF4253ACFFC00A54AD2 /* QuoteRowView.swift in Sources */,
				9358ED05254945BA00C04DC8 /* NetworkMonitor.swift in Sources */,
				936886632545C8320034F960 /* QuoteListView.swift in Sources */,
				9362130B252D787A009A7CDE /* QuoteDetailView.swift in Sources */,
				93DEB54125284527006B9BF5 /* SceneDelegate.swift in Sources */,
				9370A51E25454CD100F2C029 /* ViewToUIImage.swift in Sources */,
				9342635F254DC5B00023B6FF /* UserDefaults.swift in Sources */,
				93426350254DC5840023B6FF /* Extensions.swift in Sources */,
				9362130D252ECBC1009A7CDE /* QuoteView.swift in Sources */,
				936886862545D18E0034F960 /* QuoteGeneratorView.swift in Sources */,
			);
			runOnlyForDeploymentPostprocessing = 0;
		};
		93DEB55025284529006B9BF5 /* Sources */ = {
			isa = PBXSourcesBuildPhase;
			buildActionMask = 2147483647;
			files = (
				93DEB55925284529006B9BF5 /* QuoteGardenTests.swift in Sources */,
			);
			runOnlyForDeploymentPostprocessing = 0;
		};
		93DEB55B25284529006B9BF5 /* Sources */ = {
			isa = PBXSourcesBuildPhase;
			buildActionMask = 2147483647;
			files = (
				93DEB56425284529006B9BF5 /* QuoteGardenUITests.swift in Sources */,
				937CCC902550390E003F56B1 /* SnapshotHelper.swift in Sources */,
			);
			runOnlyForDeploymentPostprocessing = 0;
		};
/* End PBXSourcesBuildPhase section */

/* Begin PBXTargetDependency section */
		9392E494253EA003004BF68E /* PBXTargetDependency */ = {
			isa = PBXTargetDependency;
			target = 9392E489253EA001004BF68E /* QuoteWidgetExtension */;
			targetProxy = 9392E493253EA003004BF68E /* PBXContainerItemProxy */;
		};
		93DEB55625284529006B9BF5 /* PBXTargetDependency */ = {
			isa = PBXTargetDependency;
			target = 93DEB53A25284527006B9BF5 /* QuoteGarden */;
			targetProxy = 93DEB55525284529006B9BF5 /* PBXContainerItemProxy */;
		};
		93DEB56125284529006B9BF5 /* PBXTargetDependency */ = {
			isa = PBXTargetDependency;
			target = 93DEB53A25284527006B9BF5 /* QuoteGarden */;
			targetProxy = 93DEB56025284529006B9BF5 /* PBXContainerItemProxy */;
		};
/* End PBXTargetDependency section */

/* Begin PBXVariantGroup section */
		93DEB54C25284529006B9BF5 /* LaunchScreen.storyboard */ = {
			isa = PBXVariantGroup;
			children = (
				93DEB54D25284529006B9BF5 /* Base */,
			);
			name = LaunchScreen.storyboard;
			sourceTree = "<group>";
		};
/* End PBXVariantGroup section */

/* Begin XCBuildConfiguration section */
		9392E497253EA003004BF68E /* Debug */ = {
			isa = XCBuildConfiguration;
			buildSettings = {
				ASSETCATALOG_COMPILER_GLOBAL_ACCENT_COLOR_NAME = AccentColor;
				ASSETCATALOG_COMPILER_WIDGET_BACKGROUND_COLOR_NAME = WidgetBackground;
				CODE_SIGN_ENTITLEMENTS = QuoteWidgetExtension.entitlements;
				CODE_SIGN_IDENTITY = "iPhone Distribution";
				CODE_SIGN_STYLE = Manual;
				DEVELOPMENT_TEAM = LJF744GC3Q;
				INFOPLIST_FILE = QuoteWidget/Info.plist;
				IPHONEOS_DEPLOYMENT_TARGET = 14.1;
				LD_RUNPATH_SEARCH_PATHS = (
					"$(inherited)",
					"@executable_path/Frameworks",
					"@executable_path/../../Frameworks",
				);
				PRODUCT_BUNDLE_IDENTIFIER = com.example.QuoteGarden.QuoteWidget;
				PRODUCT_NAME = "$(TARGET_NAME)";
				PROVISIONING_PROFILE_SPECIFIER = DiscoverWidget;
				SKIP_INSTALL = YES;
				SWIFT_VERSION = 5.0;
				TARGETED_DEVICE_FAMILY = "1,2";
			};
			name = Debug;
		};
		9392E498253EA003004BF68E /* Release */ = {
			isa = XCBuildConfiguration;
			buildSettings = {
				ASSETCATALOG_COMPILER_GLOBAL_ACCENT_COLOR_NAME = AccentColor;
				ASSETCATALOG_COMPILER_WIDGET_BACKGROUND_COLOR_NAME = WidgetBackground;
				CODE_SIGN_ENTITLEMENTS = QuoteWidgetExtension.entitlements;
				CODE_SIGN_IDENTITY = "iPhone Distribution";
				CODE_SIGN_STYLE = Manual;
				DEVELOPMENT_TEAM = LJF744GC3Q;
				INFOPLIST_FILE = QuoteWidget/Info.plist;
				IPHONEOS_DEPLOYMENT_TARGET = 14.1;
				LD_RUNPATH_SEARCH_PATHS = (
					"$(inherited)",
					"@executable_path/Frameworks",
					"@executable_path/../../Frameworks",
				);
				PRODUCT_BUNDLE_IDENTIFIER = com.example.QuoteGarden.QuoteWidget;
				PRODUCT_NAME = "$(TARGET_NAME)";
				PROVISIONING_PROFILE_SPECIFIER = DiscoverWidget;
				SKIP_INSTALL = YES;
				SWIFT_VERSION = 5.0;
				TARGETED_DEVICE_FAMILY = "1,2";
			};
			name = Release;
		};
		93DEB56625284529006B9BF5 /* Debug */ = {
			isa = XCBuildConfiguration;
			buildSettings = {
				ALWAYS_SEARCH_USER_PATHS = NO;
				CLANG_ANALYZER_NONNULL = YES;
				CLANG_ANALYZER_NUMBER_OBJECT_CONVERSION = YES_AGGRESSIVE;
				CLANG_CXX_LANGUAGE_STANDARD = "gnu++14";
				CLANG_CXX_LIBRARY = "libc++";
				CLANG_ENABLE_MODULES = YES;
				CLANG_ENABLE_OBJC_ARC = YES;
				CLANG_ENABLE_OBJC_WEAK = YES;
				CLANG_WARN_BLOCK_CAPTURE_AUTORELEASING = YES;
				CLANG_WARN_BOOL_CONVERSION = YES;
				CLANG_WARN_COMMA = YES;
				CLANG_WARN_CONSTANT_CONVERSION = YES;
				CLANG_WARN_DEPRECATED_OBJC_IMPLEMENTATIONS = YES;
				CLANG_WARN_DIRECT_OBJC_ISA_USAGE = YES_ERROR;
				CLANG_WARN_DOCUMENTATION_COMMENTS = YES;
				CLANG_WARN_EMPTY_BODY = YES;
				CLANG_WARN_ENUM_CONVERSION = YES;
				CLANG_WARN_INFINITE_RECURSION = YES;
				CLANG_WARN_INT_CONVERSION = YES;
				CLANG_WARN_NON_LITERAL_NULL_CONVERSION = YES;
				CLANG_WARN_OBJC_IMPLICIT_RETAIN_SELF = YES;
				CLANG_WARN_OBJC_LITERAL_CONVERSION = YES;
				CLANG_WARN_OBJC_ROOT_CLASS = YES_ERROR;
				CLANG_WARN_QUOTED_INCLUDE_IN_FRAMEWORK_HEADER = YES;
				CLANG_WARN_RANGE_LOOP_ANALYSIS = YES;
				CLANG_WARN_STRICT_PROTOTYPES = YES;
				CLANG_WARN_SUSPICIOUS_MOVE = YES;
				CLANG_WARN_UNGUARDED_AVAILABILITY = YES_AGGRESSIVE;
				CLANG_WARN_UNREACHABLE_CODE = YES;
				CLANG_WARN__DUPLICATE_METHOD_MATCH = YES;
				COPY_PHASE_STRIP = NO;
				DEBUG_INFORMATION_FORMAT = dwarf;
				ENABLE_STRICT_OBJC_MSGSEND = YES;
				ENABLE_TESTABILITY = YES;
				GCC_C_LANGUAGE_STANDARD = gnu11;
				GCC_DYNAMIC_NO_PIC = NO;
				GCC_NO_COMMON_BLOCKS = YES;
				GCC_OPTIMIZATION_LEVEL = 0;
				GCC_PREPROCESSOR_DEFINITIONS = (
					"DEBUG=1",
					"$(inherited)",
				);
				GCC_WARN_64_TO_32_BIT_CONVERSION = YES;
				GCC_WARN_ABOUT_RETURN_TYPE = YES_ERROR;
				GCC_WARN_UNDECLARED_SELECTOR = YES;
				GCC_WARN_UNINITIALIZED_AUTOS = YES_AGGRESSIVE;
				GCC_WARN_UNUSED_FUNCTION = YES;
				GCC_WARN_UNUSED_VARIABLE = YES;
				IPHONEOS_DEPLOYMENT_TARGET = 14.1;
				MTL_ENABLE_DEBUG_INFO = INCLUDE_SOURCE;
				MTL_FAST_MATH = YES;
				ONLY_ACTIVE_ARCH = YES;
				SDKROOT = iphoneos;
				SWIFT_ACTIVE_COMPILATION_CONDITIONS = DEBUG;
				SWIFT_OPTIMIZATION_LEVEL = "-Onone";
			};
			name = Debug;
		};
		93DEB56725284529006B9BF5 /* Release */ = {
			isa = XCBuildConfiguration;
			buildSettings = {
				ALWAYS_SEARCH_USER_PATHS = NO;
				CLANG_ANALYZER_NONNULL = YES;
				CLANG_ANALYZER_NUMBER_OBJECT_CONVERSION = YES_AGGRESSIVE;
				CLANG_CXX_LANGUAGE_STANDARD = "gnu++14";
				CLANG_CXX_LIBRARY = "libc++";
				CLANG_ENABLE_MODULES = YES;
				CLANG_ENABLE_OBJC_ARC = YES;
				CLANG_ENABLE_OBJC_WEAK = YES;
				CLANG_WARN_BLOCK_CAPTURE_AUTORELEASING = YES;
				CLANG_WARN_BOOL_CONVERSION = YES;
				CLANG_WARN_COMMA = YES;
				CLANG_WARN_CONSTANT_CONVERSION = YES;
				CLANG_WARN_DEPRECATED_OBJC_IMPLEMENTATIONS = YES;
				CLANG_WARN_DIRECT_OBJC_ISA_USAGE = YES_ERROR;
				CLANG_WARN_DOCUMENTATION_COMMENTS = YES;
				CLANG_WARN_EMPTY_BODY = YES;
				CLANG_WARN_ENUM_CONVERSION = YES;
				CLANG_WARN_INFINITE_RECURSION = YES;
				CLANG_WARN_INT_CONVERSION = YES;
				CLANG_WARN_NON_LITERAL_NULL_CONVERSION = YES;
				CLANG_WARN_OBJC_IMPLICIT_RETAIN_SELF = YES;
				CLANG_WARN_OBJC_LITERAL_CONVERSION = YES;
				CLANG_WARN_OBJC_ROOT_CLASS = YES_ERROR;
				CLANG_WARN_QUOTED_INCLUDE_IN_FRAMEWORK_HEADER = YES;
				CLANG_WARN_RANGE_LOOP_ANALYSIS = YES;
				CLANG_WARN_STRICT_PROTOTYPES = YES;
				CLANG_WARN_SUSPICIOUS_MOVE = YES;
				CLANG_WARN_UNGUARDED_AVAILABILITY = YES_AGGRESSIVE;
				CLANG_WARN_UNREACHABLE_CODE = YES;
				CLANG_WARN__DUPLICATE_METHOD_MATCH = YES;
				COPY_PHASE_STRIP = NO;
				DEBUG_INFORMATION_FORMAT = "dwarf-with-dsym";
				ENABLE_NS_ASSERTIONS = NO;
				ENABLE_STRICT_OBJC_MSGSEND = YES;
				GCC_C_LANGUAGE_STANDARD = gnu11;
				GCC_NO_COMMON_BLOCKS = YES;
				GCC_WARN_64_TO_32_BIT_CONVERSION = YES;
				GCC_WARN_ABOUT_RETURN_TYPE = YES_ERROR;
				GCC_WARN_UNDECLARED_SELECTOR = YES;
				GCC_WARN_UNINITIALIZED_AUTOS = YES_AGGRESSIVE;
				GCC_WARN_UNUSED_FUNCTION = YES;
				GCC_WARN_UNUSED_VARIABLE = YES;
				IPHONEOS_DEPLOYMENT_TARGET = 14.1;
				MTL_ENABLE_DEBUG_INFO = NO;
				MTL_FAST_MATH = YES;
				SDKROOT = iphoneos;
				SWIFT_COMPILATION_MODE = wholemodule;
				SWIFT_OPTIMIZATION_LEVEL = "-O";
				VALIDATE_PRODUCT = YES;
			};
			name = Release;
		};
		93DEB56925284529006B9BF5 /* Debug */ = {
			isa = XCBuildConfiguration;
			buildSettings = {
				ALWAYS_EMBED_SWIFT_STANDARD_LIBRARIES = YES;
				ASSETCATALOG_COMPILER_APPICON_NAME = AppIcon;
				ASSETCATALOG_COMPILER_GLOBAL_ACCENT_COLOR_NAME = AccentColor;
				CODE_SIGN_ENTITLEMENTS = QuoteGarden/QuoteGarden.entitlements;
				CODE_SIGN_IDENTITY = "iPhone Distribution";
				CODE_SIGN_STYLE = Manual;
				DEVELOPMENT_ASSET_PATHS = "\"QuoteGarden/Preview Content\"";
				DEVELOPMENT_TEAM = LJF744GC3Q;
				ENABLE_PREVIEWS = YES;
				INFOPLIST_FILE = QuoteGarden/Info.plist;
				IPHONEOS_DEPLOYMENT_TARGET = 14.1;
				LD_RUNPATH_SEARCH_PATHS = (
					"$(inherited)",
					"@executable_path/Frameworks",
				);
				PRODUCT_BUNDLE_IDENTIFIER = com.example.QuoteGarden;
				PRODUCT_NAME = "$(TARGET_NAME)";
				PROVISIONING_PROFILE_SPECIFIER = Discover;
				SWIFT_VERSION = 5.0;
				TARGETED_DEVICE_FAMILY = "1,2";
			};
			name = Debug;
		};
		93DEB56A25284529006B9BF5 /* Release */ = {
			isa = XCBuildConfiguration;
			buildSettings = {
				ALWAYS_EMBED_SWIFT_STANDARD_LIBRARIES = YES;
				ASSETCATALOG_COMPILER_APPICON_NAME = AppIcon;
				ASSETCATALOG_COMPILER_GLOBAL_ACCENT_COLOR_NAME = AccentColor;
				CODE_SIGN_ENTITLEMENTS = QuoteGarden/QuoteGarden.entitlements;
				CODE_SIGN_IDENTITY = "iPhone Distribution";
				CODE_SIGN_STYLE = Manual;
				DEVELOPMENT_ASSET_PATHS = "\"QuoteGarden/Preview Content\"";
				DEVELOPMENT_TEAM = LJF744GC3Q;
				ENABLE_PREVIEWS = YES;
				INFOPLIST_FILE = QuoteGarden/Info.plist;
				IPHONEOS_DEPLOYMENT_TARGET = 14.1;
				LD_RUNPATH_SEARCH_PATHS = (
					"$(inherited)",
					"@executable_path/Frameworks",
				);
				PRODUCT_BUNDLE_IDENTIFIER = com.example.QuoteGarden;
				PRODUCT_NAME = "$(TARGET_NAME)";
				PROVISIONING_PROFILE_SPECIFIER = Discover;
				SWIFT_VERSION = 5.0;
				TARGETED_DEVICE_FAMILY = "1,2";
			};
			name = Release;
		};
		93DEB56C25284529006B9BF5 /* Debug */ = {
			isa = XCBuildConfiguration;
			buildSettings = {
				ALWAYS_EMBED_SWIFT_STANDARD_LIBRARIES = YES;
				BUNDLE_LOADER = "$(TEST_HOST)";
				CODE_SIGN_STYLE = Automatic;
				DEVELOPMENT_TEAM = LJF744GC3Q;
				INFOPLIST_FILE = QuoteGardenTests/Info.plist;
				IPHONEOS_DEPLOYMENT_TARGET = 14.1;
				LD_RUNPATH_SEARCH_PATHS = (
					"$(inherited)",
					"@executable_path/Frameworks",
					"@loader_path/Frameworks",
				);
				PRODUCT_BUNDLE_IDENTIFIER = com.example.QuoteGardenTests;
				PRODUCT_NAME = "$(TARGET_NAME)";
				SWIFT_VERSION = 5.0;
				TARGETED_DEVICE_FAMILY = 1;
				TEST_HOST = "$(BUILT_PRODUCTS_DIR)/QuoteGarden.app/QuoteGarden";
			};
			name = Debug;
		};
		93DEB56D25284529006B9BF5 /* Release */ = {
			isa = XCBuildConfiguration;
			buildSettings = {
				ALWAYS_EMBED_SWIFT_STANDARD_LIBRARIES = YES;
				BUNDLE_LOADER = "$(TEST_HOST)";
				CODE_SIGN_STYLE = Automatic;
				DEVELOPMENT_TEAM = LJF744GC3Q;
				INFOPLIST_FILE = QuoteGardenTests/Info.plist;
				IPHONEOS_DEPLOYMENT_TARGET = 14.1;
				LD_RUNPATH_SEARCH_PATHS = (
					"$(inherited)",
					"@executable_path/Frameworks",
					"@loader_path/Frameworks",
				);
				PRODUCT_BUNDLE_IDENTIFIER = com.example.QuoteGardenTests;
				PRODUCT_NAME = "$(TARGET_NAME)";
				SWIFT_VERSION = 5.0;
				TARGETED_DEVICE_FAMILY = 1;
				TEST_HOST = "$(BUILT_PRODUCTS_DIR)/QuoteGarden.app/QuoteGarden";
			};
			name = Release;
		};
		93DEB56F25284529006B9BF5 /* Debug */ = {
			isa = XCBuildConfiguration;
			buildSettings = {
				ALWAYS_EMBED_SWIFT_STANDARD_LIBRARIES = YES;
				CODE_SIGN_STYLE = Automatic;
				DEVELOPMENT_TEAM = LJF744GC3Q;
				INFOPLIST_FILE = QuoteGardenUITests/Info.plist;
				LD_RUNPATH_SEARCH_PATHS = (
					"$(inherited)",
					"@executable_path/Frameworks",
					"@loader_path/Frameworks",
				);
				PRODUCT_BUNDLE_IDENTIFIER = com.example.QuoteGardenUITests;
				PRODUCT_NAME = "$(TARGET_NAME)";
				SWIFT_VERSION = 5.0;
				TARGETED_DEVICE_FAMILY = 1;
				TEST_TARGET_NAME = QuoteGarden;
			};
			name = Debug;
		};
		93DEB57025284529006B9BF5 /* Release */ = {
			isa = XCBuildConfiguration;
			buildSettings = {
				ALWAYS_EMBED_SWIFT_STANDARD_LIBRARIES = YES;
				CODE_SIGN_STYLE = Automatic;
				DEVELOPMENT_TEAM = LJF744GC3Q;
				INFOPLIST_FILE = QuoteGardenUITests/Info.plist;
				LD_RUNPATH_SEARCH_PATHS = (
					"$(inherited)",
					"@executable_path/Frameworks",
					"@loader_path/Frameworks",
				);
				PRODUCT_BUNDLE_IDENTIFIER = com.example.QuoteGardenUITests;
				PRODUCT_NAME = "$(TARGET_NAME)";
				SWIFT_VERSION = 5.0;
				TARGETED_DEVICE_FAMILY = 1;
				TEST_TARGET_NAME = QuoteGarden;
			};
			name = Release;
		};
/* End XCBuildConfiguration section */

/* Begin XCConfigurationList section */
		9392E496253EA003004BF68E /* Build configuration list for PBXNativeTarget "QuoteWidgetExtension" */ = {
			isa = XCConfigurationList;
			buildConfigurations = (
				9392E497253EA003004BF68E /* Debug */,
				9392E498253EA003004BF68E /* Release */,
			);
			defaultConfigurationIsVisible = 0;
			defaultConfigurationName = Release;
		};
		93DEB53625284527006B9BF5 /* Build configuration list for PBXProject "QuoteGarden" */ = {
			isa = XCConfigurationList;
			buildConfigurations = (
				93DEB56625284529006B9BF5 /* Debug */,
				93DEB56725284529006B9BF5 /* Release */,
			);
			defaultConfigurationIsVisible = 0;
			defaultConfigurationName = Release;
		};
		93DEB56825284529006B9BF5 /* Build configuration list for PBXNativeTarget "QuoteGarden" */ = {
			isa = XCConfigurationList;
			buildConfigurations = (
				93DEB56925284529006B9BF5 /* Debug */,
				93DEB56A25284529006B9BF5 /* Release */,
			);
			defaultConfigurationIsVisible = 0;
			defaultConfigurationName = Release;
		};
		93DEB56B25284529006B9BF5 /* Build configuration list for PBXNativeTarget "QuoteGardenTests" */ = {
			isa = XCConfigurationList;
			buildConfigurations = (
				93DEB56C25284529006B9BF5 /* Debug */,
				93DEB56D25284529006B9BF5 /* Release */,
			);
			defaultConfigurationIsVisible = 0;
			defaultConfigurationName = Release;
		};
		93DEB56E25284529006B9BF5 /* Build configuration list for PBXNativeTarget "QuoteGardenUITests" */ = {
			isa = XCConfigurationList;
			buildConfigurations = (
				93DEB56F25284529006B9BF5 /* Debug */,
				93DEB57025284529006B9BF5 /* Release */,
			);
			defaultConfigurationIsVisible = 0;
			defaultConfigurationName = Release;
		};
/* End XCConfigurationList section */

/* Begin XCRemoteSwiftPackageReference section */
		9358ED1B254A88A800C04DC8 /* XCRemoteSwiftPackageReference "Reachability" */ = {
			isa = XCRemoteSwiftPackageReference;
			repositoryURL = "https://github.com/ashleymills/Reachability.swift";
			requirement = {
				kind = upToNextMajorVersion;
				minimumVersion = 5.1.0;
			};
		};
/* End XCRemoteSwiftPackageReference section */

/* Begin XCSwiftPackageProductDependency section */
		9358ED1C254A88A800C04DC8 /* Reachability */ = {
			isa = XCSwiftPackageProductDependency;
			package = 9358ED1B254A88A800C04DC8 /* XCRemoteSwiftPackageReference "Reachability" */;
			productName = Reachability;
		};
/* End XCSwiftPackageProductDependency section */

/* Begin XCVersionGroup section */
		93DEB54225284527006B9BF5 /* QuoteGarden.xcdatamodeld */ = {
			isa = XCVersionGroup;
			children = (
				93DEB54325284527006B9BF5 /* QuoteGarden.xcdatamodel */,
			);
			currentVersion = 93DEB54325284527006B9BF5 /* QuoteGarden.xcdatamodel */;
			path = QuoteGarden.xcdatamodeld;
			sourceTree = "<group>";
			versionGroupType = wrapper.xcdatamodel;
		};
/* End XCVersionGroup section */
	};
	rootObject = 93DEB53325284527006B9BF5 /* Project object */;
}
